
Microsoft Visual Studio Solution File, Format Version 12.00
# Visual Studio Version 16
VisualStudioVersion = 16.0.30914.41
MinimumVisualStudioVersion = 10.0.40219.1
Project("{9A19103F-16F7-4668-BE54-9A1E7A4F7556}") = "SimConnectHelper", "SimConnectHelper\SimConnectHelper.csproj", "{B2CD1A01-E8EF-47CF-8EBA-BE9561DCF10E}"
EndProject
Project("{9A19103F-16F7-4668-BE54-9A1E7A4F7556}") = "SimConnectHandler_Demo", "SimConnectHandler_Demo\SimConnectHandler_Demo.csproj", "{21DA819E-CAD2-455E-8E80-61088C935D29}"
EndProject
Project("{9A19103F-16F7-4668-BE54-9A1E7A4F7556}") = "SimConnectHandler_Tests", "SimConnectHandler_Tests\SimConnectHandler_Tests.csproj", "{5E2534DF-420D-4EFB-BC23-E4C66F285474}"
EndProject
Global
	GlobalSection(SolutionConfigurationPlatforms) = preSolution
		Debug|Any CPU = Debug|Any CPU
		Debug|x64 = Debug|x64
		Release|Any CPU = Release|Any CPU
		Release|x64 = Release|x64
	EndGlobalSection
	GlobalSection(ProjectConfigurationPlatforms) = postSolution
		{B2CD1A01-E8EF-47CF-8EBA-BE9561DCF10E}.Debug|Any CPU.ActiveCfg = Debug|x64
		{B2CD1A01-E8EF-47CF-8EBA-BE9561DCF10E}.Debug|Any CPU.Build.0 = Debug|x64
		{B2CD1A01-E8EF-47CF-8EBA-BE9561DCF10E}.Debug|x64.ActiveCfg = Debug|x64
		{B2CD1A01-E8EF-47CF-8EBA-BE9561DCF10E}.Debug|x64.Build.0 = Debug|x64
		{B2CD1A01-E8EF-47CF-8EBA-BE9561DCF10E}.Release|Any CPU.ActiveCfg = Release|Any CPU
		{B2CD1A01-E8EF-47CF-8EBA-BE9561DCF10E}.Release|Any CPU.Build.0 = Release|Any CPU
		{B2CD1A01-E8EF-47CF-8EBA-BE9561DCF10E}.Release|x64.ActiveCfg = Release|x64
		{B2CD1A01-E8EF-47CF-8EBA-BE9561DCF10E}.Release|x64.Build.0 = Release|x64
		{21DA819E-CAD2-455E-8E80-61088C935D29}.Debug|Any CPU.ActiveCfg = Debug|x64
		{21DA819E-CAD2-455E-8E80-61088C935D29}.Debug|Any CPU.Build.0 = Debug|x64
		{21DA819E-CAD2-455E-8E80-61088C935D29}.Debug|x64.ActiveCfg = Debug|x64
		{21DA819E-CAD2-455E-8E80-61088C935D29}.Debug|x64.Build.0 = Debug|x64
		{21DA819E-CAD2-455E-8E80-61088C935D29}.Release|Any CPU.ActiveCfg = Release|Any CPU
		{21DA819E-CAD2-455E-8E80-61088C935D29}.Release|Any CPU.Build.0 = Release|Any CPU
		{21DA819E-CAD2-455E-8E80-61088C935D29}.Release|x64.ActiveCfg = Release|x64
		{21DA819E-CAD2-455E-8E80-61088C935D29}.Release|x64.Build.0 = Release|x64
		{5E2534DF-420D-4EFB-BC23-E4C66F285474}.Debug|Any CPU.ActiveCfg = Debug|x64
		{5E2534DF-420D-4EFB-BC23-E4C66F285474}.Debug|Any CPU.Build.0 = Debug|x64
		{5E2534DF-420D-4EFB-BC23-E4C66F285474}.Debug|x64.ActiveCfg = Debug|x64
		{5E2534DF-420D-4EFB-BC23-E4C66F285474}.Debug|x64.Build.0 = Debug|x64
		{5E2534DF-420D-4EFB-BC23-E4C66F285474}.Release|Any CPU.ActiveCfg = Release|Any CPU
		{5E2534DF-420D-4EFB-BC23-E4C66F285474}.Release|Any CPU.Build.0 = Release|Any CPU
		{5E2534DF-420D-4EFB-BC23-E4C66F285474}.Release|x64.ActiveCfg = Release|x64
		{5E2534DF-420D-4EFB-BC23-E4C66F285474}.Release|x64.Build.0 = Release|x64
	EndGlobalSection
	GlobalSection(SolutionProperties) = preSolution
		HideSolutionNode = FALSE
	EndGlobalSection
	GlobalSection(ExtensibilityGlobals) = postSolution
		SolutionGuid = {F5D88E70-FE2E-4F2D-A964-4C90A0058908}
	EndGlobalSection
EndGlobal
